
Microsoft Visual Studio Solution File, Format Version 12.00
Project("{FAE04EC0-301F-11D3-BF4B-00C04F79EFBC}") = "MachineProgressionSystem", "MachineProgressionSystem\MachineProgressionSystem.csproj", "{277E7022-C05D-478D-B489-FFA5E8F23154}"
EndProject
Global
	GlobalSection(SolutionConfigurationPlatforms) = preSolution
		Debug|Any CPU = Debug|Any CPU
		Release|Any CPU = Release|Any CPU
	EndGlobalSection
	GlobalSection(ProjectConfigurationPlatforms) = postSolution
		{277E7022-C05D-478D-B489-FFA5E8F23154}.Debug|Any CPU.ActiveCfg = Debug|Any CPU
		{277E7022-C05D-478D-B489-FFA5E8F23154}.Debug|Any CPU.Build.0 = Debug|Any CPU
		{277E7022-C05D-478D-B489-FFA5E8F23154}.Release|Any CPU.ActiveCfg = Release|Any CPU
		{277E7022-C05D-478D-B489-FFA5E8F23154}.Release|Any CPU.Build.0 = Release|Any CPU
	EndGlobalSection
EndGlobal
